
Microsoft Visual Studio Solution File, Format Version 12.00
# Visual Studio Version 17
VisualStudioVersion = 17.13.35931.197 d17.13
MinimumVisualStudioVersion = 10.0.40219.1
Project("{FAE04EC0-301F-11D3-BF4B-00C04F79EFBC}") = "evenOddNumber", "evenOddNumber.csproj", "{AB96AF34-3782-4EFF-A9AD-F35E3412738F}"
EndProject
Project("{FAE04EC0-301F-11D3-BF4B-00C04F79EFBC}") = "positiveNegativeOrNull", "..\positiveNegativeOrNull\positiveNegativeOrNull.csproj", "{DB86005D-6DA3-401E-9983-914C28A75199}"
EndProject
Project("{FAE04EC0-301F-11D3-BF4B-00C04F79EFBC}") = "PositiveNegativeNull", "..\PositiveNegativeNull\PositiveNegativeNull.csproj", "{326E9880-B21C-4289-BA97-63A46282146F}"
EndProject
Project("{FAE04EC0-301F-11D3-BF4B-00C04F79EFBC}") = "FindTheBiggestNumber", "..\FindTheBiggestNumber\FindTheBiggestNumber.csproj", "{E024354F-EC82-4964-8EEA-D3CC2A6B3076}"
EndProject
Project("{FAE04EC0-301F-11D3-BF4B-00C04F79EFBC}") = "findTheSmallesNumber", "..\findTheSmallesNumber\findTheSmallesNumber.csproj", "{16E6D838-78BA-4535-AC0F-81FAA1DFE9C8}"
EndProject
Project("{FAE04EC0-301F-11D3-BF4B-00C04F79EFBC}") = "findTheBiggNumber", "..\findTheBiggNumber\findTheBiggNumber.csproj", "{74B31772-56A8-4686-A413-9DB65B0F5562}"
EndProject
Global
	GlobalSection(SolutionConfigurationPlatforms) = preSolution
		Debug|Any CPU = Debug|Any CPU
		Release|Any CPU = Release|Any CPU
	EndGlobalSection
	GlobalSection(ProjectConfigurationPlatforms) = postSolution
		{AB96AF34-3782-4EFF-A9AD-F35E3412738F}.Debug|Any CPU.ActiveCfg = Debug|Any CPU
		{AB96AF34-3782-4EFF-A9AD-F35E3412738F}.Debug|Any CPU.Build.0 = Debug|Any CPU
		{AB96AF34-3782-4EFF-A9AD-F35E3412738F}.Release|Any CPU.ActiveCfg = Release|Any CPU
		{AB96AF34-3782-4EFF-A9AD-F35E3412738F}.Release|Any CPU.Build.0 = Release|Any CPU
		{DB86005D-6DA3-401E-9983-914C28A75199}.Debug|Any CPU.ActiveCfg = Debug|Any CPU
		{DB86005D-6DA3-401E-9983-914C28A75199}.Debug|Any CPU.Build.0 = Debug|Any CPU
		{DB86005D-6DA3-401E-9983-914C28A75199}.Release|Any CPU.ActiveCfg = Release|Any CPU
		{DB86005D-6DA3-401E-9983-914C28A75199}.Release|Any CPU.Build.0 = Release|Any CPU
		{326E9880-B21C-4289-BA97-63A46282146F}.Debug|Any CPU.ActiveCfg = Debug|Any CPU
		{326E9880-B21C-4289-BA97-63A46282146F}.Debug|Any CPU.Build.0 = Debug|Any CPU
		{326E9880-B21C-4289-BA97-63A46282146F}.Release|Any CPU.ActiveCfg = Release|Any CPU
		{326E9880-B21C-4289-BA97-63A46282146F}.Release|Any CPU.Build.0 = Release|Any CPU
		{E024354F-EC82-4964-8EEA-D3CC2A6B3076}.Debug|Any CPU.ActiveCfg = Debug|Any CPU
		{E024354F-EC82-4964-8EEA-D3CC2A6B3076}.Debug|Any CPU.Build.0 = Debug|Any CPU
		{E024354F-EC82-4964-8EEA-D3CC2A6B3076}.Release|Any CPU.ActiveCfg = Release|Any CPU
		{E024354F-EC82-4964-8EEA-D3CC2A6B3076}.Release|Any CPU.Build.0 = Release|Any CPU
		{16E6D838-78BA-4535-AC0F-81FAA1DFE9C8}.Debug|Any CPU.ActiveCfg = Debug|Any CPU
		{16E6D838-78BA-4535-AC0F-81FAA1DFE9C8}.Debug|Any CPU.Build.0 = Debug|Any CPU
		{16E6D838-78BA-4535-AC0F-81FAA1DFE9C8}.Release|Any CPU.ActiveCfg = Release|Any CPU
		{16E6D838-78BA-4535-AC0F-81FAA1DFE9C8}.Release|Any CPU.Build.0 = Release|Any CPU
		{74B31772-56A8-4686-A413-9DB65B0F5562}.Debug|Any CPU.ActiveCfg = Debug|Any CPU
		{74B31772-56A8-4686-A413-9DB65B0F5562}.Debug|Any CPU.Build.0 = Debug|Any CPU
		{74B31772-56A8-4686-A413-9DB65B0F5562}.Release|Any CPU.ActiveCfg = Release|Any CPU
		{74B31772-56A8-4686-A413-9DB65B0F5562}.Release|Any CPU.Build.0 = Release|Any CPU
	EndGlobalSection
	GlobalSection(SolutionProperties) = preSolution
		HideSolutionNode = FALSE
	EndGlobalSection
	GlobalSection(ExtensibilityGlobals) = postSolution
		SolutionGuid = {3861603E-84F4-428D-B507-F749B950A603}
	EndGlobalSection
EndGlobal
